
Microsoft Visual Studio Solution File, Format Version 12.00
# Visual Studio Version 17
VisualStudioVersion = 17.1.32319.34
MinimumVisualStudioVersion = 10.0.40219.1
Project("{FAE04EC0-301F-11D3-BF4B-00C04F79EFBC}") = "MyBook", "MyBook.csproj", "{F7A4E7F5-D786-4E98-8987-8309C7564FDD}"
EndProject
Global
	GlobalSection(SolutionConfigurationPlatforms) = preSolution
		Debug|Any CPU = Debug|Any CPU
		Release|Any CPU = Release|Any CPU
	EndGlobalSection
	GlobalSection(ProjectConfigurationPlatforms) = postSolution
		{F7A4E7F5-D786-4E98-8987-8309C7564FDD}.Debug|Any CPU.ActiveCfg = Debug|Any CPU
		{F7A4E7F5-D786-4E98-8987-8309C7564FDD}.Debug|Any CPU.Build.0 = Debug|Any CPU
		{F7A4E7F5-D786-4E98-8987-8309C7564FDD}.Release|Any CPU.ActiveCfg = Release|Any CPU
		{F7A4E7F5-D786-4E98-8987-8309C7564FDD}.Release|Any CPU.Build.0 = Release|Any CPU
	EndGlobalSection
	GlobalSection(SolutionProperties) = preSolution
		HideSolutionNode = FALSE
	EndGlobalSection
	GlobalSection(ExtensibilityGlobals) = postSolution
		SolutionGuid = {BAE4392D-5B7F-4FA8-A5E8-7D82485CB571}
	EndGlobalSection
EndGlobal
